
Microsoft Visual Studio Solution File, Format Version 12.00
Project("{FAE04EC0-301F-11D3-BF4B-00C04F79EFBC}") = "AzureDevOpsRestApi.App", "AzureDevOpsRestApi.App\AzureDevOpsRestApi.App.csproj", "{831AB005-927A-4DD2-8B20-8BAF190D24CC}"
EndProject
Project("{FAE04EC0-301F-11D3-BF4B-00C04F79EFBC}") = "AzureDevOpsRestApi.Infrastructure", "AzureDevOpsRestApi.Infrastructure\AzureDevOpsRestApi.Infrastructure.csproj", "{F8796FDA-5BF8-4766-BA07-6E2B15B17157}"
EndProject
Global
	GlobalSection(SolutionConfigurationPlatforms) = preSolution
		Debug|Any CPU = Debug|Any CPU
		Release|Any CPU = Release|Any CPU
	EndGlobalSection
	GlobalSection(ProjectConfigurationPlatforms) = postSolution
		{831AB005-927A-4DD2-8B20-8BAF190D24CC}.Debug|Any CPU.ActiveCfg = Debug|Any CPU
		{831AB005-927A-4DD2-8B20-8BAF190D24CC}.Debug|Any CPU.Build.0 = Debug|Any CPU
		{831AB005-927A-4DD2-8B20-8BAF190D24CC}.Release|Any CPU.ActiveCfg = Release|Any CPU
		{831AB005-927A-4DD2-8B20-8BAF190D24CC}.Release|Any CPU.Build.0 = Release|Any CPU
		{F8796FDA-5BF8-4766-BA07-6E2B15B17157}.Debug|Any CPU.ActiveCfg = Debug|Any CPU
		{F8796FDA-5BF8-4766-BA07-6E2B15B17157}.Debug|Any CPU.Build.0 = Debug|Any CPU
		{F8796FDA-5BF8-4766-BA07-6E2B15B17157}.Release|Any CPU.ActiveCfg = Release|Any CPU
		{F8796FDA-5BF8-4766-BA07-6E2B15B17157}.Release|Any CPU.Build.0 = Release|Any CPU
	EndGlobalSection
EndGlobal
